
Microsoft Visual Studio Solution File, Format Version 12.00
# Visual Studio 15
VisualStudioVersion = 15.0.28010.2003
MinimumVisualStudioVersion = 10.0.40219.1
Project("{FAE04EC0-301F-11D3-BF4B-00C04F79EFBC}") = "HelloGitHub", "HelloGitHub\HelloGitHub.csproj", "{A589C54C-03C9-4E67-9161-B254A7F2134D}"
EndProject
Global
	GlobalSection(SolutionConfigurationPlatforms) = preSolution
		Debug|Any CPU = Debug|Any CPU
		Release|Any CPU = Release|Any CPU
	EndGlobalSection
	GlobalSection(ProjectConfigurationPlatforms) = postSolution
		{A589C54C-03C9-4E67-9161-B254A7F2134D}.Debug|Any CPU.ActiveCfg = Debug|Any CPU
		{A589C54C-03C9-4E67-9161-B254A7F2134D}.Debug|Any CPU.Build.0 = Debug|Any CPU
		{A589C54C-03C9-4E67-9161-B254A7F2134D}.Release|Any CPU.ActiveCfg = Release|Any CPU
		{A589C54C-03C9-4E67-9161-B254A7F2134D}.Release|Any CPU.Build.0 = Release|Any CPU
	EndGlobalSection
	GlobalSection(SolutionProperties) = preSolution
		HideSolutionNode = FALSE
	EndGlobalSection
	GlobalSection(ExtensibilityGlobals) = postSolution
		SolutionGuid = {D9A113C0-61C0-4EEE-9CE4-3D5543773A02}
	EndGlobalSection
EndGlobal
